
Microsoft Visual Studio Solution File, Format Version 12.00
# Visual Studio Version 16
VisualStudioVersion = 16.0.31112.23
MinimumVisualStudioVersion = 10.0.40219.1
Project("{9A19103F-16F7-4668-BE54-9A1E7A4F7556}") = "LocalLangUI", "LocalLangUI\LocalLangUI.csproj", "{060282AA-A1A2-4FFC-B787-D57AA5CE0DF0}"
EndProject
Project("{9A19103F-16F7-4668-BE54-9A1E7A4F7556}") = "LocalLangLibrary", "LocalLangLibrary\LocalLangLibrary.csproj", "{CA3B85D3-91B0-45BA-8BAF-C1108EDE579B}"
EndProject
Global
	GlobalSection(SolutionConfigurationPlatforms) = preSolution
		Debug|Any CPU = Debug|Any CPU
		Release|Any CPU = Release|Any CPU
	EndGlobalSection
	GlobalSection(ProjectConfigurationPlatforms) = postSolution
		{060282AA-A1A2-4FFC-B787-D57AA5CE0DF0}.Debug|Any CPU.ActiveCfg = Debug|Any CPU
		{060282AA-A1A2-4FFC-B787-D57AA5CE0DF0}.Debug|Any CPU.Build.0 = Debug|Any CPU
		{060282AA-A1A2-4FFC-B787-D57AA5CE0DF0}.Release|Any CPU.ActiveCfg = Release|Any CPU
		{060282AA-A1A2-4FFC-B787-D57AA5CE0DF0}.Release|Any CPU.Build.0 = Release|Any CPU
		{CA3B85D3-91B0-45BA-8BAF-C1108EDE579B}.Debug|Any CPU.ActiveCfg = Debug|Any CPU
		{CA3B85D3-91B0-45BA-8BAF-C1108EDE579B}.Debug|Any CPU.Build.0 = Debug|Any CPU
		{CA3B85D3-91B0-45BA-8BAF-C1108EDE579B}.Release|Any CPU.ActiveCfg = Release|Any CPU
		{CA3B85D3-91B0-45BA-8BAF-C1108EDE579B}.Release|Any CPU.Build.0 = Release|Any CPU
	EndGlobalSection
	GlobalSection(SolutionProperties) = preSolution
		HideSolutionNode = FALSE
	EndGlobalSection
	GlobalSection(ExtensibilityGlobals) = postSolution
		SolutionGuid = {DD97C3F4-9779-441E-916B-84F5E8632594}
	EndGlobalSection
EndGlobal
